
Microsoft Visual Studio Solution File, Format Version 12.00
Project("{FAE04EC0-301F-11D3-BF4B-00C04F79EFBC}") = "MessageContracts", "MessageContracts.csproj", "{12A10944-AF31-4FB4-829F-4EC2E67A0302}"
EndProject
Global
	GlobalSection(SolutionConfigurationPlatforms) = preSolution
		Debug|Any CPU = Debug|Any CPU
		Release|Any CPU = Release|Any CPU
	EndGlobalSection
	GlobalSection(ProjectConfigurationPlatforms) = postSolution
		{12A10944-AF31-4FB4-829F-4EC2E67A0302}.Debug|Any CPU.ActiveCfg = Debug|Any CPU
		{12A10944-AF31-4FB4-829F-4EC2E67A0302}.Debug|Any CPU.Build.0 = Debug|Any CPU
		{12A10944-AF31-4FB4-829F-4EC2E67A0302}.Release|Any CPU.ActiveCfg = Release|Any CPU
		{12A10944-AF31-4FB4-829F-4EC2E67A0302}.Release|Any CPU.Build.0 = Release|Any CPU
	EndGlobalSection
EndGlobal
